# This file is autogenerated, do not edit; changes may be undone by the next 'dep ensure'.


[[projects]]
  branch = "master"
  name = "github.com/go-gl/gl"
  packages = ["v3.3-core/gl"]
  revision = "ac0d3d2af0fe995e2bb09fa6619b716b0c0fc0fa"

[[projects]]
  branch = "master"
  name = "github.com/go-gl/glfw"
  packages = ["v3.1/glfw"]
  revision = "513e4f2bf85c31fba0fc4907abd7895242ccbe50"

[[projects]]
  branch = "master"
  name = "github.com/mjibson/go-dsp"
  packages = [
    "dsputils",
    "fft"
  ]
  revision = "49dba83727078f13a0e99553e0f8140990115ac9"

[solve-meta]
  analyzer-name = "dep"
  analyzer-version = 1
  inputs-digest = "36fcb5b45142b43d8de48268398a922ce4995c768f91f08679115682bbb2a0a1"
  solver-name = "gps-cdcl"
  solver-version = 1
